
Microsoft Visual Studio Solution File, Format Version 12.00
# Visual Studio Version 16
VisualStudioVersion = 16.0.28729.10
MinimumVisualStudioVersion = 10.0.40219.1
Project("{FAE04EC0-301F-11D3-BF4B-00C04F79EFBC}") = "Restbud", "Restbud\Restbud.csproj", "{24941E46-C54A-4398-84A3-53F67119B7E2}"
EndProject
Project("{FAE04EC0-301F-11D3-BF4B-00C04F79EFBC}") = "RestBud.Tests", "RestBud.Tests\RestBud.Tests.csproj", "{FC2B0301-E221-4E5E-A155-9F5193572708}"
EndProject
Project("{FAE04EC0-301F-11D3-BF4B-00C04F79EFBC}") = "Restbud.NetStandard", "Restbud.NetStandard\Restbud.NetStandard.csproj", "{D08B302C-3CF6-49A1-9B73-812CC0681353}"
EndProject
Project("{2150E333-8FDC-42A3-9474-1A3956D46DE8}") = "Test.Client", "Test.Client", "{8D97D580-1B4E-415D-8DCA-249004EF6E3B}"
EndProject
Project("{FAE04EC0-301F-11D3-BF4B-00C04F79EFBC}") = "Restbud.Console", "Restbud.Console\Restbud.Console.csproj", "{82EF97E7-6595-48F8-99A3-9059B8F5F218}"
EndProject
Global
	GlobalSection(SolutionConfigurationPlatforms) = preSolution
		Debug|Any CPU = Debug|Any CPU
		Debug|ARM = Debug|ARM
		Debug|x64 = Debug|x64
		Debug|x86 = Debug|x86
		Release|Any CPU = Release|Any CPU
		Release|ARM = Release|ARM
		Release|x64 = Release|x64
		Release|x86 = Release|x86
	EndGlobalSection
	GlobalSection(ProjectConfigurationPlatforms) = postSolution
		{24941E46-C54A-4398-84A3-53F67119B7E2}.Debug|Any CPU.ActiveCfg = Debug|Any CPU
		{24941E46-C54A-4398-84A3-53F67119B7E2}.Debug|Any CPU.Build.0 = Debug|Any CPU
		{24941E46-C54A-4398-84A3-53F67119B7E2}.Debug|ARM.ActiveCfg = Debug|Any CPU
		{24941E46-C54A-4398-84A3-53F67119B7E2}.Debug|ARM.Build.0 = Debug|Any CPU
		{24941E46-C54A-4398-84A3-53F67119B7E2}.Debug|x64.ActiveCfg = Debug|Any CPU
		{24941E46-C54A-4398-84A3-53F67119B7E2}.Debug|x64.Build.0 = Debug|Any CPU
		{24941E46-C54A-4398-84A3-53F67119B7E2}.Debug|x86.ActiveCfg = Debug|Any CPU
		{24941E46-C54A-4398-84A3-53F67119B7E2}.Debug|x86.Build.0 = Debug|Any CPU
		{24941E46-C54A-4398-84A3-53F67119B7E2}.Release|Any CPU.ActiveCfg = Release|Any CPU
		{24941E46-C54A-4398-84A3-53F67119B7E2}.Release|Any CPU.Build.0 = Release|Any CPU
		{24941E46-C54A-4398-84A3-53F67119B7E2}.Release|ARM.ActiveCfg = Release|Any CPU
		{24941E46-C54A-4398-84A3-53F67119B7E2}.Release|ARM.Build.0 = Release|Any CPU
		{24941E46-C54A-4398-84A3-53F67119B7E2}.Release|x64.ActiveCfg = Release|Any CPU
		{24941E46-C54A-4398-84A3-53F67119B7E2}.Release|x64.Build.0 = Release|Any CPU
		{24941E46-C54A-4398-84A3-53F67119B7E2}.Release|x86.ActiveCfg = Release|Any CPU
		{24941E46-C54A-4398-84A3-53F67119B7E2}.Release|x86.Build.0 = Release|Any CPU
		{FC2B0301-E221-4E5E-A155-9F5193572708}.Debug|Any CPU.ActiveCfg = Debug|Any CPU
		{FC2B0301-E221-4E5E-A155-9F5193572708}.Debug|Any CPU.Build.0 = Debug|Any CPU
		{FC2B0301-E221-4E5E-A155-9F5193572708}.Debug|Any CPU.Deploy.0 = Debug|Any CPU
		{FC2B0301-E221-4E5E-A155-9F5193572708}.Debug|ARM.ActiveCfg = Debug|Any CPU
		{FC2B0301-E221-4E5E-A155-9F5193572708}.Debug|ARM.Build.0 = Debug|Any CPU
		{FC2B0301-E221-4E5E-A155-9F5193572708}.Debug|x64.ActiveCfg = Debug|Any CPU
		{FC2B0301-E221-4E5E-A155-9F5193572708}.Debug|x64.Build.0 = Debug|Any CPU
		{FC2B0301-E221-4E5E-A155-9F5193572708}.Debug|x86.ActiveCfg = Debug|Any CPU
		{FC2B0301-E221-4E5E-A155-9F5193572708}.Debug|x86.Build.0 = Debug|Any CPU
		{FC2B0301-E221-4E5E-A155-9F5193572708}.Release|Any CPU.ActiveCfg = Release|Any CPU
		{FC2B0301-E221-4E5E-A155-9F5193572708}.Release|Any CPU.Build.0 = Release|Any CPU
		{FC2B0301-E221-4E5E-A155-9F5193572708}.Release|Any CPU.Deploy.0 = Release|Any CPU
		{FC2B0301-E221-4E5E-A155-9F5193572708}.Release|ARM.ActiveCfg = Release|Any CPU
		{FC2B0301-E221-4E5E-A155-9F5193572708}.Release|ARM.Build.0 = Release|Any CPU
		{FC2B0301-E221-4E5E-A155-9F5193572708}.Release|x64.ActiveCfg = Release|Any CPU
		{FC2B0301-E221-4E5E-A155-9F5193572708}.Release|x64.Build.0 = Release|Any CPU
		{FC2B0301-E221-4E5E-A155-9F5193572708}.Release|x86.ActiveCfg = Release|Any CPU
		{FC2B0301-E221-4E5E-A155-9F5193572708}.Release|x86.Build.0 = Release|Any CPU
		{D08B302C-3CF6-49A1-9B73-812CC0681353}.Debug|Any CPU.ActiveCfg = Debug|Any CPU
		{D08B302C-3CF6-49A1-9B73-812CC0681353}.Debug|Any CPU.Build.0 = Debug|Any CPU
		{D08B302C-3CF6-49A1-9B73-812CC0681353}.Debug|ARM.ActiveCfg = Debug|Any CPU
		{D08B302C-3CF6-49A1-9B73-812CC0681353}.Debug|ARM.Build.0 = Debug|Any CPU
		{D08B302C-3CF6-49A1-9B73-812CC0681353}.Debug|x64.ActiveCfg = Debug|Any CPU
		{D08B302C-3CF6-49A1-9B73-812CC0681353}.Debug|x64.Build.0 = Debug|Any CPU
		{D08B302C-3CF6-49A1-9B73-812CC0681353}.Debug|x86.ActiveCfg = Debug|Any CPU
		{D08B302C-3CF6-49A1-9B73-812CC0681353}.Debug|x86.Build.0 = Debug|Any CPU
		{D08B302C-3CF6-49A1-9B73-812CC0681353}.Release|Any CPU.ActiveCfg = Release|Any CPU
		{D08B302C-3CF6-49A1-9B73-812CC0681353}.Release|Any CPU.Build.0 = Release|Any CPU
		{D08B302C-3CF6-49A1-9B73-812CC0681353}.Release|ARM.ActiveCfg = Release|Any CPU
		{D08B302C-3CF6-49A1-9B73-812CC0681353}.Release|ARM.Build.0 = Release|Any CPU
		{D08B302C-3CF6-49A1-9B73-812CC0681353}.Release|x64.ActiveCfg = Release|Any CPU
		{D08B302C-3CF6-49A1-9B73-812CC0681353}.Release|x64.Build.0 = Release|Any CPU
		{D08B302C-3CF6-49A1-9B73-812CC0681353}.Release|x86.ActiveCfg = Release|Any CPU
		{D08B302C-3CF6-49A1-9B73-812CC0681353}.Release|x86.Build.0 = Release|Any CPU
		{82EF97E7-6595-48F8-99A3-9059B8F5F218}.Debug|Any CPU.ActiveCfg = Debug|Any CPU
		{82EF97E7-6595-48F8-99A3-9059B8F5F218}.Debug|Any CPU.Build.0 = Debug|Any CPU
		{82EF97E7-6595-48F8-99A3-9059B8F5F218}.Debug|ARM.ActiveCfg = Debug|Any CPU
		{82EF97E7-6595-48F8-99A3-9059B8F5F218}.Debug|ARM.Build.0 = Debug|Any CPU
		{82EF97E7-6595-48F8-99A3-9059B8F5F218}.Debug|x64.ActiveCfg = Debug|Any CPU
		{82EF97E7-6595-48F8-99A3-9059B8F5F218}.Debug|x64.Build.0 = Debug|Any CPU
		{82EF97E7-6595-48F8-99A3-9059B8F5F218}.Debug|x86.ActiveCfg = Debug|Any CPU
		{82EF97E7-6595-48F8-99A3-9059B8F5F218}.Debug|x86.Build.0 = Debug|Any CPU
		{82EF97E7-6595-48F8-99A3-9059B8F5F218}.Release|Any CPU.ActiveCfg = Release|Any CPU
		{82EF97E7-6595-48F8-99A3-9059B8F5F218}.Release|Any CPU.Build.0 = Release|Any CPU
		{82EF97E7-6595-48F8-99A3-9059B8F5F218}.Release|ARM.ActiveCfg = Release|Any CPU
		{82EF97E7-6595-48F8-99A3-9059B8F5F218}.Release|ARM.Build.0 = Release|Any CPU
		{82EF97E7-6595-48F8-99A3-9059B8F5F218}.Release|x64.ActiveCfg = Release|Any CPU
		{82EF97E7-6595-48F8-99A3-9059B8F5F218}.Release|x64.Build.0 = Release|Any CPU
		{82EF97E7-6595-48F8-99A3-9059B8F5F218}.Release|x86.ActiveCfg = Release|Any CPU
		{82EF97E7-6595-48F8-99A3-9059B8F5F218}.Release|x86.Build.0 = Release|Any CPU
	EndGlobalSection
	GlobalSection(SolutionProperties) = preSolution
		HideSolutionNode = FALSE
	EndGlobalSection
	GlobalSection(NestedProjects) = preSolution
		{82EF97E7-6595-48F8-99A3-9059B8F5F218} = {8D97D580-1B4E-415D-8DCA-249004EF6E3B}
	EndGlobalSection
	GlobalSection(ExtensibilityGlobals) = postSolution
		SolutionGuid = {F0A43323-CC97-4246-A149-1A0F80035404}
	EndGlobalSection
EndGlobal
